// !$*UTF8*$!
{
	archiveVersion = 1;
	classes = {
	};
	objectVersion = 46;
	objects = {

/* Begin PBXBuildFile section */
		B6AE60D91A474F940096F347 /* ResourcePath.mm in Sources */ = {isa = PBXBuildFile; fileRef = B6AE60D81A474F940096F347 /* ResourcePath.mm */; };
		B6AE60DC1A474F940096F347 /* main.cpp in Sources */ = {isa = PBXBuildFile; fileRef = B6AE60DB1A474F940096F347 /* main.cpp */; };
		B6AE60DF1A474F940096F347 /* cute_image.jpg in Resources */ = {isa = PBXBuildFile; fileRef = B6AE60DE1A474F940096F347 /* cute_image.jpg */; };
		B6AE60E11A474F940096F347 /* nice_music.ogg in Resources */ = {isa = PBXBuildFile; fileRef = B6AE60E01A474F940096F347 /* nice_music.ogg */; };
		B6AE60E31A474F940096F347 /* sansation.ttf in Resources */ = {isa = PBXBuildFile; fileRef = B6AE60E21A474F940096F347 /* sansation.ttf */; };
		B6AE60E51A474F940096F347 /* icon.png in Resources */ = {isa = PBXBuildFile; fileRef = B6AE60E41A474F940096F347 /* icon.png */; };
		B6C9490A1A476EED004F535B /* tileset.png in Resources */ = {isa = PBXBuildFile; fileRef = B6C949091A476EED004F535B /* tileset.png */; };
/* End PBXBuildFile section */

/* Begin PBXFileReference section */
		B6AE60D31A474F940096F347 /* graphic.app */ = {isa = PBXFileReference; explicitFileType = wrapper.application; includeInIndex = 0; path = graphic.app; sourceTree = BUILT_PRODUCTS_DIR; };
		B6AE60D71A474F940096F347 /* graphic-Info.plist */ = {isa = PBXFileReference; lastKnownFileType = text.plist.xml; path = "graphic-Info.plist"; sourceTree = "<group>"; };
		B6AE60D81A474F940096F347 /* ResourcePath.mm */ = {isa = PBXFileReference; lastKnownFileType = sourcecode.cpp.objcpp; path = ResourcePath.mm; sourceTree = "<group>"; };
		B6AE60DA1A474F940096F347 /* ResourcePath.hpp */ = {isa = PBXFileReference; lastKnownFileType = sourcecode.cpp.h; path = ResourcePath.hpp; sourceTree = "<group>"; };
		B6AE60DB1A474F940096F347 /* main.cpp */ = {isa = PBXFileReference; lastKnownFileType = sourcecode.cpp.cpp; path = main.cpp; sourceTree = "<group>"; };
		B6AE60DE1A474F940096F347 /* cute_image.jpg */ = {isa = PBXFileReference; lastKnownFileType = image.jpeg; path = cute_image.jpg; sourceTree = "<group>"; };
		B6AE60E01A474F940096F347 /* nice_music.ogg */ = {isa = PBXFileReference; lastKnownFileType = file; path = nice_music.ogg; sourceTree = "<group>"; };
		B6AE60E21A474F940096F347 /* sansation.ttf */ = {isa = PBXFileReference; lastKnownFileType = file; path = sansation.ttf; sourceTree = "<group>"; };
		B6AE60E41A474F940096F347 /* icon.png */ = {isa = PBXFileReference; lastKnownFileType = image.png; path = icon.png; sourceTree = "<group>"; };
		B6C949091A476EED004F535B /* tileset.png */ = {isa = PBXFileReference; lastKnownFileType = image.png; path = tileset.png; sourceTree = "<group>"; };
/* End PBXFileReference section */

/* Begin PBXFrameworksBuildPhase section */
		B6AE60CF1A474F940096F347 /* Frameworks */ = {
			isa = PBXFrameworksBuildPhase;
			buildActionMask = 2147483647;
			files = (
			);
			runOnlyForDeploymentPostprocessing = 0;
		};
/* End PBXFrameworksBuildPhase section */

/* Begin PBXGroup section */
		B6AE60C91A474F930096F347 = {
			isa = PBXGroup;
			children = (
				B6AE60D51A474F940096F347 /* graphic */,
				B6AE60D41A474F940096F347 /* Products */,
			);
			sourceTree = "<group>";
		};
		B6AE60D41A474F940096F347 /* Products */ = {
			isa = PBXGroup;
			children = (
				B6AE60D31A474F940096F347 /* graphic.app */,
			);
			name = Products;
			sourceTree = "<group>";
		};
		B6AE60D51A474F940096F347 /* graphic */ = {
			isa = PBXGroup;
			children = (
				B6AE60D81A474F940096F347 /* ResourcePath.mm */,
				B6AE60DA1A474F940096F347 /* ResourcePath.hpp */,
				B6AE60DB1A474F940096F347 /* main.cpp */,
				B6AE60DD1A474F940096F347 /* Resources */,
				B6AE60D61A474F940096F347 /* Supporting Files */,
			);
			path = graphic;
			sourceTree = "<group>";
		};
		B6AE60D61A474F940096F347 /* Supporting Files */ = {
			isa = PBXGroup;
			children = (
				B6AE60D71A474F940096F347 /* graphic-Info.plist */,
			);
			name = "Supporting Files";
			sourceTree = "<group>";
		};
		B6AE60DD1A474F940096F347 /* Resources */ = {
			isa = PBXGroup;
			children = (
				B6AE60DE1A474F940096F347 /* cute_image.jpg */,
				B6AE60E01A474F940096F347 /* nice_music.ogg */,
				B6AE60E21A474F940096F347 /* sansation.ttf */,
				B6C949091A476EED004F535B /* tileset.png */,
				B6AE60E41A474F940096F347 /* icon.png */,
			);
			name = Resources;
			sourceTree = "<group>";
		};
/* End PBXGroup section */

/* Begin PBXNativeTarget section */
		B6AE60D21A474F940096F347 /* graphic */ = {
			isa = PBXNativeTarget;
			buildConfigurationList = B6AE60E81A474F940096F347 /* Build configuration list for PBXNativeTarget "graphic" */;
			buildPhases = (
				B6AE60CE1A474F940096F347 /* Sources */,
				B6AE60CF1A474F940096F347 /* Frameworks */,
				B6AE60D01A474F940096F347 /* Resources */,
				B6AE60D11A474F940096F347 /* ShellScript */,
			);
			buildRules = (
			);
			dependencies = (
			);
			name = graphic;
			productName = graphic;
			productReference = B6AE60D31A474F940096F347 /* graphic.app */;
			productType = "com.apple.product-type.application";
		};
/* End PBXNativeTarget section */

/* Begin PBXProject section */
		B6AE60CA1A474F930096F347 /* Project object */ = {
			isa = PBXProject;
			attributes = {
				LastUpgradeCheck = 0610;
				ORGANIZATIONNAME = "Robert WIlkinson";
				TargetAttributes = {
					B6AE60D21A474F940096F347 = {
						CreatedOnToolsVersion = 6.1.1;
					};
				};
			};
			buildConfigurationList = B6AE60CD1A474F930096F347 /* Build configuration list for PBXProject "graphic" */;
			compatibilityVersion = "Xcode 3.2";
			developmentRegion = English;
			hasScannedForEncodings = 0;
			knownRegions = (
				en,
			);
			mainGroup = B6AE60C91A474F930096F347;
			productRefGroup = B6AE60D41A474F940096F347 /* Products */;
			projectDirPath = "";
			projectRoot = "";
			targets = (
				B6AE60D21A474F940096F347 /* graphic */,
			);
		};
/* End PBXProject section */

/* Begin PBXResourcesBuildPhase section */
		B6AE60D01A474F940096F347 /* Resources */ = {
			isa = PBXResourcesBuildPhase;
			buildActionMask = 2147483647;
			files = (
				B6AE60E51A474F940096F347 /* icon.png in Resources */,
				B6AE60E31A474F940096F347 /* sansation.ttf in Resources */,
				B6AE60E11A474F940096F347 /* nice_music.ogg in Resources */,
				B6C9490A1A476EED004F535B /* tileset.png in Resources */,
				B6AE60DF1A474F940096F347 /* cute_image.jpg in Resources */,
			);
			runOnlyForDeploymentPostprocessing = 0;
		};
/* End PBXResourcesBuildPhase section */

/* Begin PBXShellScriptBuildPhase section */
		B6AE60D11A474F940096F347 /* ShellScript */ = {
			isa = PBXShellScriptBuildPhase;
			buildActionMask = 2147483647;
			files = (
			);
			inputPaths = (
			);
			outputPaths = (
			);
			runOnlyForDeploymentPostprocessing = 0;
			shellPath = /bin/sh;
			shellScript = "# This shell script simply copies required SFML dylibs/frameworks into the application bundle frameworks folder.\n# If you're using static libraries (which is not recommended) you should remove this script from your project.\n\n# Are we building a project that uses frameworks or dylibs?\ncase \"$SFML_BINARY_TYPE\" in\n    DYLIBS)\n        frameworks=\"false\"\n        ;;\n    *)\n        frameworks=\"true\"\n        ;;\nesac\n\n# Echoes to stderr\nerror () # $* message to display\n{\n    echo $* 1>&2\n    exit 2\n}\n\nassert () # $1 is a boolean, $2...N is an error message\n{\n    if [ $# -lt 2 ]\n    then\n        error \"Internal error in assert : not enough args\"\n    fi\n\n    if [ $1 -ne 0 ]\n    then\n        shift\n        error \"$*\"\n    fi\n}\n\nforce_remove () # $@ is some paths\n{\n    test $# -ge 1\n    assert $? \"force_remove() requires at least one parameter\"\n    rm -fr $@\n    assert $? \"couldn't remove $@\"\n}\n\ncopy () # $1 is a source, $2 is a destination\n{\n    test $# -eq 2\n    assert $? \"copy() requires two parameters\"\n    ditto \"$1\" \"$2\"\n    assert $? \"couldn't copy $1 to $2\"\n}\n\nrequire () # $1 is a SFML module like 'system' or 'audio'\n{\n    dest=\"$BUILT_PRODUCTS_DIR/$PRODUCT_NAME.app/Contents/Frameworks\"\n\n    if [ -z \"$1\" ]\n    then\n        error \"require() requires one parameter!\"\n    else\n        # clean potentially old stuff\n        force_remove \"$dest/libsfml-$1\"*\n        force_remove \"$dest/sfml-$1.framework\"\n\n        # copy SFML libraries\n        if [ \"$frameworks\" = \"true\" ]\n        then\n            source=\"/Library/Frameworks/sfml-$1.framework\"\n            target=\"sfml-$1.framework\"\n        elif [ \"$SFML_LINK_DYLIBS_SUFFIX\" = \"-d\" ]\n        then\n            source=\"/usr/local/lib/libsfml-$1-d.dylib\"\n            target=\"`readlink $source`\"\n        else\n            source=\"/usr/local/lib/libsfml-$1.dylib\"\n            target=\"`readlink $source`\"\n        fi\n\n        copy \"$source\" \"$dest/$target\"\n\n        # copy extra dependencies\n        if [ \"$1\" = \"audio\" ]\n        then\n            # copy sndfile framework too\n            copy \"/Library/Frameworks/sndfile.framework\" \"$dest/sndfile.framework\"\n        elif [ \"$1\" = \"graphics\" ]\n        then\n            # copy freetype framework too\n            copy \"/Library/Frameworks/freetype.framework\" \"$dest/freetype.framework\"\n        fi\n    fi\n}\n\nif [ -n \"$SFML_SYSTEM\" ]\nthen\n    require \"system\"\nfi\n\nif [ -n \"$SFML_AUDIO\" ]\nthen\n    require \"audio\"\nfi\n\nif [ -n \"$SFML_NETWORK\" ]\nthen\n    require \"network\"\nfi\n\nif [ -n \"$SFML_WINDOW\" ]\nthen\n    require \"window\"\nfi\n\nif [ -n \"$SFML_GRAPHICS\" ]\nthen\n    require \"graphics\"\nfi\n\n                ";
		};
/* End PBXShellScriptBuildPhase section */

/* Begin PBXSourcesBuildPhase section */
		B6AE60CE1A474F940096F347 /* Sources */ = {
			isa = PBXSourcesBuildPhase;
			buildActionMask = 2147483647;
			files = (
				B6AE60DC1A474F940096F347 /* main.cpp in Sources */,
				B6AE60D91A474F940096F347 /* ResourcePath.mm in Sources */,
			);
			runOnlyForDeploymentPostprocessing = 0;
		};
/* End PBXSourcesBuildPhase section */

/* Begin XCBuildConfiguration section */
		B6AE60E61A474F940096F347 /* Debug */ = {
			isa = XCBuildConfiguration;
			buildSettings = {
				ARCHS = (
					i386,
					x86_64,
				);
				CLANG_CXX_LANGUAGE_STANDARD = "c++0x";
				CLANG_CXX_LIBRARY = "libc++";
				FRAMEWORK_SEARCH_PATHS = (
					/Library/Frameworks/,
					"$(inherited)",
				);
				GCC_VERSION = com.apple.compilers.llvm.clang.1_0;
				HEADER_SEARCH_PATHS = (
					/usr/local/include/,
					"$(inherited)",
				);
				LIBRARY_SEARCH_PATHS = (
					/usr/local/lib/,
					"$(inherited)",
				);
				MACOSX_DEPLOYMENT_TARGET = 10.7;
				OTHER_LDFLAGS = (
					"$(inherited)",
					"$(SFML_SYSTEM)",
					"$(SFML_WINDOW)",
					"$(SFML_GRAPHICS)",
					"$(SFML_AUDIO)",
					"$(SFML_NETWORK)",
				);
				SFML_AUDIO = "$(SFML_LINK_PREFIX) sfml-audio$(SFML_LINK_SUFFIX)";
				SFML_BINARY_TYPE = FRAMEWORKS;
				SFML_GRAPHICS = "$(SFML_LINK_PREFIX) sfml-graphics$(SFML_LINK_SUFFIX)";
				SFML_LINK_DYLIBS_PREFIX = "-l";
				SFML_LINK_DYLIBS_SUFFIX = "";
				SFML_LINK_FRAMEWORKS_PREFIX = "-framework";
				SFML_LINK_FRAMEWORKS_SUFFIX = "";
				SFML_LINK_PREFIX = "$(SFML_LINK_$(SFML_BINARY_TYPE)_PREFIX)";
				SFML_LINK_SUFFIX = "$(SFML_LINK_$(SFML_BINARY_TYPE)_SUFFIX)";
				SFML_NETWORK = "$(SFML_LINK_PREFIX) sfml-network$(SFML_LINK_SUFFIX)";
				SFML_SYSTEM = "$(SFML_LINK_PREFIX) sfml-system$(SFML_LINK_SUFFIX)";
				SFML_WINDOW = "$(SFML_LINK_PREFIX) sfml-window$(SFML_LINK_SUFFIX)";
				SUPPORTED_PLATFORMS = macosx;
			};
			name = Debug;
		};
		B6AE60E71A474F940096F347 /* Release */ = {
			isa = XCBuildConfiguration;
			buildSettings = {
				ARCHS = (
					i386,
					x86_64,
				);
				CLANG_CXX_LANGUAGE_STANDARD = "c++0x";
				CLANG_CXX_LIBRARY = "libc++";
				FRAMEWORK_SEARCH_PATHS = (
					/Library/Frameworks/,
					"$(inherited)",
				);
				GCC_VERSION = com.apple.compilers.llvm.clang.1_0;
				HEADER_SEARCH_PATHS = (
					/usr/local/include/,
					"$(inherited)",
				);
				LIBRARY_SEARCH_PATHS = (
					/usr/local/lib/,
					"$(inherited)",
				);
				MACOSX_DEPLOYMENT_TARGET = 10.7;
				OTHER_LDFLAGS = (
					"$(inherited)",
					"$(SFML_SYSTEM)",
					"$(SFML_WINDOW)",
					"$(SFML_GRAPHICS)",
					"$(SFML_AUDIO)",
					"$(SFML_NETWORK)",
				);
				SFML_AUDIO = "$(SFML_LINK_PREFIX) sfml-audio$(SFML_LINK_SUFFIX)";
				SFML_BINARY_TYPE = FRAMEWORKS;
				SFML_GRAPHICS = "$(SFML_LINK_PREFIX) sfml-graphics$(SFML_LINK_SUFFIX)";
				SFML_LINK_DYLIBS_PREFIX = "-l";
				SFML_LINK_DYLIBS_SUFFIX = "";
				SFML_LINK_FRAMEWORKS_PREFIX = "-framework";
				SFML_LINK_FRAMEWORKS_SUFFIX = "";
				SFML_LINK_PREFIX = "$(SFML_LINK_$(SFML_BINARY_TYPE)_PREFIX)";
				SFML_LINK_SUFFIX = "$(SFML_LINK_$(SFML_BINARY_TYPE)_SUFFIX)";
				SFML_NETWORK = "$(SFML_LINK_PREFIX) sfml-network$(SFML_LINK_SUFFIX)";
				SFML_SYSTEM = "$(SFML_LINK_PREFIX) sfml-system$(SFML_LINK_SUFFIX)";
				SFML_WINDOW = "$(SFML_LINK_PREFIX) sfml-window$(SFML_LINK_SUFFIX)";
				SUPPORTED_PLATFORMS = macosx;
			};
			name = Release;
		};
		B6AE60E91A474F940096F347 /* Debug */ = {
			isa = XCBuildConfiguration;
			buildSettings = {
				INFOPLIST_FILE = "graphic/graphic-Info.plist";
				LD_RUNPATH_SEARCH_PATHS = "@loader_path/../Frameworks";
				PRODUCT_NAME = "$(TARGET_NAME)";
			};
			name = Debug;
		};
		B6AE60EA1A474F940096F347 /* Release */ = {
			isa = XCBuildConfiguration;
			buildSettings = {
				INFOPLIST_FILE = "graphic/graphic-Info.plist";
				LD_RUNPATH_SEARCH_PATHS = "@loader_path/../Frameworks";
				PRODUCT_NAME = "$(TARGET_NAME)";
			};
			name = Release;
		};
/* End XCBuildConfiguration section */

/* Begin XCConfigurationList section */
		B6AE60CD1A474F930096F347 /* Build configuration list for PBXProject "graphic" */ = {
			isa = XCConfigurationList;
			buildConfigurations = (
				B6AE60E61A474F940096F347 /* Debug */,
				B6AE60E71A474F940096F347 /* Release */,
			);
			defaultConfigurationIsVisible = 0;
			defaultConfigurationName = Release;
		};
		B6AE60E81A474F940096F347 /* Build configuration list for PBXNativeTarget "graphic" */ = {
			isa = XCConfigurationList;
			buildConfigurations = (
				B6AE60E91A474F940096F347 /* Debug */,
				B6AE60EA1A474F940096F347 /* Release */,
			);
			defaultConfigurationIsVisible = 0;
			defaultConfigurationName = Release;
		};
/* End XCConfigurationList section */
	};
	rootObject = B6AE60CA1A474F930096F347 /* Project object */;
}
